// !$*UTF8*$!
{
	archiveVersion = 1;
	classes = {
	};
	objectVersion = 46;
	objects = {

/* Begin PBXBuildFile section */
		35C87B86C53039970A0DCBBD /* Pods_JWMixedList_Tests.framework in Frameworks */ = {isa = PBXBuildFile; fileRef = 7E92697469B585C4FA0778BF /* Pods_JWMixedList_Tests.framework */; };
		55477BBB20FE9DCD00710672 /* Advert.swift in Sources */ = {isa = PBXBuildFile; fileRef = 55477BBA20FE9DCD00710672 /* Advert.swift */; };
		55477BBD20FE9DE400710672 /* Image.swift in Sources */ = {isa = PBXBuildFile; fileRef = 55477BBC20FE9DE400710672 /* Image.swift */; };
		55477BBF20FE9E0B00710672 /* Text.swift in Sources */ = {isa = PBXBuildFile; fileRef = 55477BBE20FE9E0B00710672 /* Text.swift */; };
		55477BC120FE9E2A00710672 /* FeedDataTypes.swift in Sources */ = {isa = PBXBuildFile; fileRef = 55477BC020FE9E2A00710672 /* FeedDataTypes.swift */; };
		55477BC420FE9E6400710672 /* AdvertCell.swift in Sources */ = {isa = PBXBuildFile; fileRef = 55477BC220FE9E6400710672 /* AdvertCell.swift */; };
		55477BC520FE9E6400710672 /* AdvertCell.xib in Resources */ = {isa = PBXBuildFile; fileRef = 55477BC320FE9E6400710672 /* AdvertCell.xib */; };
		55477BC820FE9E9F00710672 /* ImageCell.swift in Sources */ = {isa = PBXBuildFile; fileRef = 55477BC620FE9E9F00710672 /* ImageCell.swift */; };
		55477BC920FE9E9F00710672 /* ImageCell.xib in Resources */ = {isa = PBXBuildFile; fileRef = 55477BC720FE9E9F00710672 /* ImageCell.xib */; };
		55477BCC20FE9F4400710672 /* TextCell.swift in Sources */ = {isa = PBXBuildFile; fileRef = 55477BCA20FE9F4400710672 /* TextCell.swift */; };
		55477BCD20FE9F4400710672 /* TextCell.xib in Resources */ = {isa = PBXBuildFile; fileRef = 55477BCB20FE9F4400710672 /* TextCell.xib */; };
		55477BCF20FE9FE900710672 /* AdvertCellItemController.swift in Sources */ = {isa = PBXBuildFile; fileRef = 55477BCE20FE9FE900710672 /* AdvertCellItemController.swift */; };
		55477BD120FEA0C100710672 /* ImageCellItemController.swift in Sources */ = {isa = PBXBuildFile; fileRef = 55477BD020FEA0C100710672 /* ImageCellItemController.swift */; };
		55477BD320FEA13500710672 /* TextCellItemController.swift in Sources */ = {isa = PBXBuildFile; fileRef = 55477BD220FEA13500710672 /* TextCellItemController.swift */; };
		55477BD520FEA1CF00710672 /* BasicCoordinator.swift in Sources */ = {isa = PBXBuildFile; fileRef = 55477BD420FEA1CF00710672 /* BasicCoordinator.swift */; };
		55477BD720FEA20B00710672 /* CellItemControllerFactory.swift in Sources */ = {isa = PBXBuildFile; fileRef = 55477BD620FEA20B00710672 /* CellItemControllerFactory.swift */; };
		55477BD920FEA47900710672 /* EmptyViewController.swift in Sources */ = {isa = PBXBuildFile; fileRef = 55477BD820FEA47900710672 /* EmptyViewController.swift */; };
		607FACD61AFB9204008FA782 /* AppDelegate.swift in Sources */ = {isa = PBXBuildFile; fileRef = 607FACD51AFB9204008FA782 /* AppDelegate.swift */; };
		607FACD81AFB9204008FA782 /* ViewController.swift in Sources */ = {isa = PBXBuildFile; fileRef = 607FACD71AFB9204008FA782 /* ViewController.swift */; };
		607FACDB1AFB9204008FA782 /* Main.storyboard in Resources */ = {isa = PBXBuildFile; fileRef = 607FACD91AFB9204008FA782 /* Main.storyboard */; };
		607FACDD1AFB9204008FA782 /* Images.xcassets in Resources */ = {isa = PBXBuildFile; fileRef = 607FACDC1AFB9204008FA782 /* Images.xcassets */; };
		607FACE01AFB9204008FA782 /* LaunchScreen.xib in Resources */ = {isa = PBXBuildFile; fileRef = 607FACDE1AFB9204008FA782 /* LaunchScreen.xib */; };
		607FACEC1AFB9204008FA782 /* Tests.swift in Sources */ = {isa = PBXBuildFile; fileRef = 607FACEB1AFB9204008FA782 /* Tests.swift */; };
		CA5C32241BFF44F6AFE5088A /* Pods_JWMixedList_Example.framework in Frameworks */ = {isa = PBXBuildFile; fileRef = A56004B86B4AA387CF780265 /* Pods_JWMixedList_Example.framework */; };
/* End PBXBuildFile section */

/* Begin PBXContainerItemProxy section */
		607FACE61AFB9204008FA782 /* PBXContainerItemProxy */ = {
			isa = PBXContainerItemProxy;
			containerPortal = 607FACC81AFB9204008FA782 /* Project object */;
			proxyType = 1;
			remoteGlobalIDString = 607FACCF1AFB9204008FA782;
			remoteInfo = JWMixedList;
		};
/* End PBXContainerItemProxy section */

/* Begin PBXFileReference section */
		09B750438677737D4BD9434C /* Pods-JWMixedList_Example.debug.xcconfig */ = {isa = PBXFileReference; includeInIndex = 1; lastKnownFileType = text.xcconfig; name = "Pods-JWMixedList_Example.debug.xcconfig"; path = "Pods/Target Support Files/Pods-JWMixedList_Example/Pods-JWMixedList_Example.debug.xcconfig"; sourceTree = "<group>"; };
		0C9856F0ADF261C2B6D14653 /* Pods-JWMixedList_Example.release.xcconfig */ = {isa = PBXFileReference; includeInIndex = 1; lastKnownFileType = text.xcconfig; name = "Pods-JWMixedList_Example.release.xcconfig"; path = "Pods/Target Support Files/Pods-JWMixedList_Example/Pods-JWMixedList_Example.release.xcconfig"; sourceTree = "<group>"; };
		2E444B8FDF50323F72467D48 /* README.md */ = {isa = PBXFileReference; includeInIndex = 1; lastKnownFileType = net.daringfireball.markdown; name = README.md; path = ../README.md; sourceTree = "<group>"; };
		55477BBA20FE9DCD00710672 /* Advert.swift */ = {isa = PBXFileReference; lastKnownFileType = sourcecode.swift; path = Advert.swift; sourceTree = "<group>"; };
		55477BBC20FE9DE400710672 /* Image.swift */ = {isa = PBXFileReference; lastKnownFileType = sourcecode.swift; path = Image.swift; sourceTree = "<group>"; };
		55477BBE20FE9E0B00710672 /* Text.swift */ = {isa = PBXFileReference; lastKnownFileType = sourcecode.swift; path = Text.swift; sourceTree = "<group>"; };
		55477BC020FE9E2A00710672 /* FeedDataTypes.swift */ = {isa = PBXFileReference; lastKnownFileType = sourcecode.swift; path = FeedDataTypes.swift; sourceTree = "<group>"; };
		55477BC220FE9E6400710672 /* AdvertCell.swift */ = {isa = PBXFileReference; lastKnownFileType = sourcecode.swift; path = AdvertCell.swift; sourceTree = "<group>"; };
		55477BC320FE9E6400710672 /* AdvertCell.xib */ = {isa = PBXFileReference; lastKnownFileType = file.xib; path = AdvertCell.xib; sourceTree = "<group>"; };
		55477BC620FE9E9F00710672 /* ImageCell.swift */ = {isa = PBXFileReference; lastKnownFileType = sourcecode.swift; path = ImageCell.swift; sourceTree = "<group>"; };
		55477BC720FE9E9F00710672 /* ImageCell.xib */ = {isa = PBXFileReference; lastKnownFileType = file.xib; path = ImageCell.xib; sourceTree = "<group>"; };
		55477BCA20FE9F4400710672 /* TextCell.swift */ = {isa = PBXFileReference; lastKnownFileType = sourcecode.swift; path = TextCell.swift; sourceTree = "<group>"; };
		55477BCB20FE9F4400710672 /* TextCell.xib */ = {isa = PBXFileReference; lastKnownFileType = file.xib; path = TextCell.xib; sourceTree = "<group>"; };
		55477BCE20FE9FE900710672 /* AdvertCellItemController.swift */ = {isa = PBXFileReference; lastKnownFileType = sourcecode.swift; path = AdvertCellItemController.swift; sourceTree = "<group>"; };
		55477BD020FEA0C100710672 /* ImageCellItemController.swift */ = {isa = PBXFileReference; lastKnownFileType = sourcecode.swift; path = ImageCellItemController.swift; sourceTree = "<group>"; };
		55477BD220FEA13500710672 /* TextCellItemController.swift */ = {isa = PBXFileReference; lastKnownFileType = sourcecode.swift; path = TextCellItemController.swift; sourceTree = "<group>"; };
		55477BD420FEA1CF00710672 /* BasicCoordinator.swift */ = {isa = PBXFileReference; lastKnownFileType = sourcecode.swift; path = BasicCoordinator.swift; sourceTree = "<group>"; };
		55477BD620FEA20B00710672 /* CellItemControllerFactory.swift */ = {isa = PBXFileReference; lastKnownFileType = sourcecode.swift; path = CellItemControllerFactory.swift; sourceTree = "<group>"; };
		55477BD820FEA47900710672 /* EmptyViewController.swift */ = {isa = PBXFileReference; lastKnownFileType = sourcecode.swift; path = EmptyViewController.swift; sourceTree = "<group>"; };
		607FACD01AFB9204008FA782 /* JWMixedList_Example.app */ = {isa = PBXFileReference; explicitFileType = wrapper.application; includeInIndex = 0; path = JWMixedList_Example.app; sourceTree = BUILT_PRODUCTS_DIR; };
		607FACD41AFB9204008FA782 /* Info.plist */ = {isa = PBXFileReference; lastKnownFileType = text.plist.xml; path = Info.plist; sourceTree = "<group>"; };
		607FACD51AFB9204008FA782 /* AppDelegate.swift */ = {isa = PBXFileReference; lastKnownFileType = sourcecode.swift; path = AppDelegate.swift; sourceTree = "<group>"; };
		607FACD71AFB9204008FA782 /* ViewController.swift */ = {isa = PBXFileReference; lastKnownFileType = sourcecode.swift; path = ViewController.swift; sourceTree = "<group>"; };
		607FACDA1AFB9204008FA782 /* Base */ = {isa = PBXFileReference; lastKnownFileType = file.storyboard; name = Base; path = Base.lproj/Main.storyboard; sourceTree = "<group>"; };
		607FACDC1AFB9204008FA782 /* Images.xcassets */ = {isa = PBXFileReference; lastKnownFileType = folder.assetcatalog; path = Images.xcassets; sourceTree = "<group>"; };
		607FACDF1AFB9204008FA782 /* Base */ = {isa = PBXFileReference; lastKnownFileType = file.xib; name = Base; path = Base.lproj/LaunchScreen.xib; sourceTree = "<group>"; };
		607FACE51AFB9204008FA782 /* JWMixedList_Tests.xctest */ = {isa = PBXFileReference; explicitFileType = wrapper.cfbundle; includeInIndex = 0; path = JWMixedList_Tests.xctest; sourceTree = BUILT_PRODUCTS_DIR; };
		607FACEA1AFB9204008FA782 /* Info.plist */ = {isa = PBXFileReference; lastKnownFileType = text.plist.xml; path = Info.plist; sourceTree = "<group>"; };
		607FACEB1AFB9204008FA782 /* Tests.swift */ = {isa = PBXFileReference; lastKnownFileType = sourcecode.swift; path = Tests.swift; sourceTree = "<group>"; };
		72E71321DA24EB8748D937BC /* JWMixedList.podspec */ = {isa = PBXFileReference; includeInIndex = 1; lastKnownFileType = text; name = JWMixedList.podspec; path = ../JWMixedList.podspec; sourceTree = "<group>"; xcLanguageSpecificationIdentifier = xcode.lang.ruby; };
		7E92697469B585C4FA0778BF /* Pods_JWMixedList_Tests.framework */ = {isa = PBXFileReference; explicitFileType = wrapper.framework; includeInIndex = 0; path = Pods_JWMixedList_Tests.framework; sourceTree = BUILT_PRODUCTS_DIR; };
		A56004B86B4AA387CF780265 /* Pods_JWMixedList_Example.framework */ = {isa = PBXFileReference; explicitFileType = wrapper.framework; includeInIndex = 0; path = Pods_JWMixedList_Example.framework; sourceTree = BUILT_PRODUCTS_DIR; };
		B89AC011A42CB49944AADFFB /* LICENSE */ = {isa = PBXFileReference; includeInIndex = 1; lastKnownFileType = text; name = LICENSE; path = ../LICENSE; sourceTree = "<group>"; };
		DBDEA58407B6E4D573A4670B /* Pods-JWMixedList_Tests.debug.xcconfig */ = {isa = PBXFileReference; includeInIndex = 1; lastKnownFileType = text.xcconfig; name = "Pods-JWMixedList_Tests.debug.xcconfig"; path = "Pods/Target Support Files/Pods-JWMixedList_Tests/Pods-JWMixedList_Tests.debug.xcconfig"; sourceTree = "<group>"; };
		F8252882F7CB2C752A41031A /* Pods-JWMixedList_Tests.release.xcconfig */ = {isa = PBXFileReference; includeInIndex = 1; lastKnownFileType = text.xcconfig; name = "Pods-JWMixedList_Tests.release.xcconfig"; path = "Pods/Target Support Files/Pods-JWMixedList_Tests/Pods-JWMixedList_Tests.release.xcconfig"; sourceTree = "<group>"; };
/* End PBXFileReference section */

/* Begin PBXFrameworksBuildPhase section */
		607FACCD1AFB9204008FA782 /* Frameworks */ = {
			isa = PBXFrameworksBuildPhase;
			buildActionMask = 2147483647;
			files = (
				CA5C32241BFF44F6AFE5088A /* Pods_JWMixedList_Example.framework in Frameworks */,
			);
			runOnlyForDeploymentPostprocessing = 0;
		};
		607FACE21AFB9204008FA782 /* Frameworks */ = {
			isa = PBXFrameworksBuildPhase;
			buildActionMask = 2147483647;
			files = (
				35C87B86C53039970A0DCBBD /* Pods_JWMixedList_Tests.framework in Frameworks */,
			);
			runOnlyForDeploymentPostprocessing = 0;
		};
/* End PBXFrameworksBuildPhase section */

/* Begin PBXGroup section */
		55477BB720FE9DA900710672 /* Entities */ = {
			isa = PBXGroup;
			children = (
				55477BBA20FE9DCD00710672 /* Advert.swift */,
				55477BBC20FE9DE400710672 /* Image.swift */,
				55477BBE20FE9E0B00710672 /* Text.swift */,
				55477BC020FE9E2A00710672 /* FeedDataTypes.swift */,
				55477BD420FEA1CF00710672 /* BasicCoordinator.swift */,
				55477BD620FEA20B00710672 /* CellItemControllerFactory.swift */,
			);
			path = Entities;
			sourceTree = "<group>";
		};
		55477BB820FE9DA900710672 /* Cell Item Controllers */ = {
			isa = PBXGroup;
			children = (
				55477BB920FE9DA900710672 /* Cells */,
				55477BCE20FE9FE900710672 /* AdvertCellItemController.swift */,
				55477BD020FEA0C100710672 /* ImageCellItemController.swift */,
				55477BD220FEA13500710672 /* TextCellItemController.swift */,
			);
			path = "Cell Item Controllers";
			sourceTree = "<group>";
		};
		55477BB920FE9DA900710672 /* Cells */ = {
			isa = PBXGroup;
			children = (
				55477BC220FE9E6400710672 /* AdvertCell.swift */,
				55477BC320FE9E6400710672 /* AdvertCell.xib */,
				55477BC620FE9E9F00710672 /* ImageCell.swift */,
				55477BC720FE9E9F00710672 /* ImageCell.xib */,
				55477BCA20FE9F4400710672 /* TextCell.swift */,
				55477BCB20FE9F4400710672 /* TextCell.xib */,
			);
			path = Cells;
			sourceTree = "<group>";
		};
		607FACC71AFB9204008FA782 = {
			isa = PBXGroup;
			children = (
				607FACF51AFB993E008FA782 /* Podspec Metadata */,
				607FACD21AFB9204008FA782 /* Example for JWMixedList */,
				607FACE81AFB9204008FA782 /* Tests */,
				607FACD11AFB9204008FA782 /* Products */,
				C6EA2C2E739F43F0BEF011A7 /* Pods */,
				6F68D204B4E087945240B5F0 /* Frameworks */,
			);
			sourceTree = "<group>";
		};
		607FACD11AFB9204008FA782 /* Products */ = {
			isa = PBXGroup;
			children = (
				607FACD01AFB9204008FA782 /* JWMixedList_Example.app */,
				607FACE51AFB9204008FA782 /* JWMixedList_Tests.xctest */,
			);
			name = Products;
			sourceTree = "<group>";
		};
		607FACD21AFB9204008FA782 /* Example for JWMixedList */ = {
			isa = PBXGroup;
			children = (
				55477BB820FE9DA900710672 /* Cell Item Controllers */,
				55477BB720FE9DA900710672 /* Entities */,
				607FACD51AFB9204008FA782 /* AppDelegate.swift */,
				607FACD71AFB9204008FA782 /* ViewController.swift */,
				607FACD91AFB9204008FA782 /* Main.storyboard */,
				607FACDC1AFB9204008FA782 /* Images.xcassets */,
				607FACDE1AFB9204008FA782 /* LaunchScreen.xib */,
				607FACD31AFB9204008FA782 /* Supporting Files */,
				55477BD820FEA47900710672 /* EmptyViewController.swift */,
			);
			name = "Example for JWMixedList";
			path = JWMixedList;
			sourceTree = "<group>";
		};
		607FACD31AFB9204008FA782 /* Supporting Files */ = {
			isa = PBXGroup;
			children = (
				607FACD41AFB9204008FA782 /* Info.plist */,
			);
			name = "Supporting Files";
			sourceTree = "<group>";
		};
		607FACE81AFB9204008FA782 /* Tests */ = {
			isa = PBXGroup;
			children = (
				607FACEB1AFB9204008FA782 /* Tests.swift */,
				607FACE91AFB9204008FA782 /* Supporting Files */,
			);
			path = Tests;
			sourceTree = "<group>";
		};
		607FACE91AFB9204008FA782 /* Supporting Files */ = {
			isa = PBXGroup;
			children = (
				607FACEA1AFB9204008FA782 /* Info.plist */,
			);
			name = "Supporting Files";
			sourceTree = "<group>";
		};
		607FACF51AFB993E008FA782 /* Podspec Metadata */ = {
			isa = PBXGroup;
			children = (
				72E71321DA24EB8748D937BC /* JWMixedList.podspec */,
				2E444B8FDF50323F72467D48 /* README.md */,
				B89AC011A42CB49944AADFFB /* LICENSE */,
			);
			name = "Podspec Metadata";
			sourceTree = "<group>";
		};
		6F68D204B4E087945240B5F0 /* Frameworks */ = {
			isa = PBXGroup;
			children = (
				A56004B86B4AA387CF780265 /* Pods_JWMixedList_Example.framework */,
				7E92697469B585C4FA0778BF /* Pods_JWMixedList_Tests.framework */,
			);
			name = Frameworks;
			sourceTree = "<group>";
		};
		C6EA2C2E739F43F0BEF011A7 /* Pods */ = {
			isa = PBXGroup;
			children = (
				09B750438677737D4BD9434C /* Pods-JWMixedList_Example.debug.xcconfig */,
				0C9856F0ADF261C2B6D14653 /* Pods-JWMixedList_Example.release.xcconfig */,
				DBDEA58407B6E4D573A4670B /* Pods-JWMixedList_Tests.debug.xcconfig */,
				F8252882F7CB2C752A41031A /* Pods-JWMixedList_Tests.release.xcconfig */,
			);
			name = Pods;
			sourceTree = "<group>";
		};
/* End PBXGroup section */

/* Begin PBXNativeTarget section */
		607FACCF1AFB9204008FA782 /* JWMixedList_Example */ = {
			isa = PBXNativeTarget;
			buildConfigurationList = 607FACEF1AFB9204008FA782 /* Build configuration list for PBXNativeTarget "JWMixedList_Example" */;
			buildPhases = (
				B855AD3D996AE25186B61A1D /* [CP] Check Pods Manifest.lock */,
				607FACCC1AFB9204008FA782 /* Sources */,
				607FACCD1AFB9204008FA782 /* Frameworks */,
				607FACCE1AFB9204008FA782 /* Resources */,
				94A8BC243A7C8E7AD109E99A /* [CP] Embed Pods Frameworks */,
				27BAD884FC7A720DC6CC56A3 /* [CP] Copy Pods Resources */,
			);
			buildRules = (
			);
			dependencies = (
			);
			name = JWMixedList_Example;
			productName = JWMixedList;
			productReference = 607FACD01AFB9204008FA782 /* JWMixedList_Example.app */;
			productType = "com.apple.product-type.application";
		};
		607FACE41AFB9204008FA782 /* JWMixedList_Tests */ = {
			isa = PBXNativeTarget;
			buildConfigurationList = 607FACF21AFB9204008FA782 /* Build configuration list for PBXNativeTarget "JWMixedList_Tests" */;
			buildPhases = (
				062DE0BF381442497D4B8004 /* [CP] Check Pods Manifest.lock */,
				607FACE11AFB9204008FA782 /* Sources */,
				607FACE21AFB9204008FA782 /* Frameworks */,
				607FACE31AFB9204008FA782 /* Resources */,
				5F53079E28169A3396CCA3B2 /* [CP] Embed Pods Frameworks */,
				1631EF1D3D5540D4C7103663 /* [CP] Copy Pods Resources */,
			);
			buildRules = (
			);
			dependencies = (
				607FACE71AFB9204008FA782 /* PBXTargetDependency */,
			);
			name = JWMixedList_Tests;
			productName = Tests;
			productReference = 607FACE51AFB9204008FA782 /* JWMixedList_Tests.xctest */;
			productType = "com.apple.product-type.bundle.unit-test";
		};
/* End PBXNativeTarget section */

/* Begin PBXProject section */
		607FACC81AFB9204008FA782 /* Project object */ = {
			isa = PBXProject;
			attributes = {
				LastSwiftUpdateCheck = 0830;
				LastUpgradeCheck = 0830;
				ORGANIZATIONNAME = CocoaPods;
				TargetAttributes = {
					607FACCF1AFB9204008FA782 = {
						CreatedOnToolsVersion = 6.3.1;
						LastSwiftMigration = 0900;
					};
					607FACE41AFB9204008FA782 = {
						CreatedOnToolsVersion = 6.3.1;
						LastSwiftMigration = 0900;
						TestTargetID = 607FACCF1AFB9204008FA782;
					};
				};
			};
			buildConfigurationList = 607FACCB1AFB9204008FA782 /* Build configuration list for PBXProject "JWMixedList" */;
			compatibilityVersion = "Xcode 3.2";
			developmentRegion = English;
			hasScannedForEncodings = 0;
			knownRegions = (
				en,
				Base,
			);
			mainGroup = 607FACC71AFB9204008FA782;
			productRefGroup = 607FACD11AFB9204008FA782 /* Products */;
			projectDirPath = "";
			projectRoot = "";
			targets = (
				607FACCF1AFB9204008FA782 /* JWMixedList_Example */,
				607FACE41AFB9204008FA782 /* JWMixedList_Tests */,
			);
		};
/* End PBXProject section */

/* Begin PBXResourcesBuildPhase section */
		607FACCE1AFB9204008FA782 /* Resources */ = {
			isa = PBXResourcesBuildPhase;
			buildActionMask = 2147483647;
			files = (
				55477BCD20FE9F4400710672 /* TextCell.xib in Resources */,
				607FACDB1AFB9204008FA782 /* Main.storyboard in Resources */,
				55477BC520FE9E6400710672 /* AdvertCell.xib in Resources */,
				607FACE01AFB9204008FA782 /* LaunchScreen.xib in Resources */,
				55477BC920FE9E9F00710672 /* ImageCell.xib in Resources */,
				607FACDD1AFB9204008FA782 /* Images.xcassets in Resources */,
			);
			runOnlyForDeploymentPostprocessing = 0;
		};
		607FACE31AFB9204008FA782 /* Resources */ = {
			isa = PBXResourcesBuildPhase;
			buildActionMask = 2147483647;
			files = (
			);
			runOnlyForDeploymentPostprocessing = 0;
		};
/* End PBXResourcesBuildPhase section */

/* Begin PBXShellScriptBuildPhase section */
		062DE0BF381442497D4B8004 /* [CP] Check Pods Manifest.lock */ = {
			isa = PBXShellScriptBuildPhase;
			buildActionMask = 2147483647;
			files = (
			);
			inputPaths = (
				"${PODS_PODFILE_DIR_PATH}/Podfile.lock",
				"${PODS_ROOT}/Manifest.lock",
			);
			name = "[CP] Check Pods Manifest.lock";
			outputPaths = (
				"$(DERIVED_FILE_DIR)/Pods-JWMixedList_Tests-checkManifestLockResult.txt",
			);
			runOnlyForDeploymentPostprocessing = 0;
			shellPath = /bin/sh;
			shellScript = "diff \"${PODS_PODFILE_DIR_PATH}/Podfile.lock\" \"${PODS_ROOT}/Manifest.lock\" > /dev/null\nif [ $? != 0 ] ; then\n    # print error to STDERR\n    echo \"error: The sandbox is not in sync with the Podfile.lock. Run 'pod install' or update your CocoaPods installation.\" >&2\n    exit 1\nfi\n# This output is used by Xcode 'outputs' to avoid re-running this script phase.\necho \"SUCCESS\" > \"${SCRIPT_OUTPUT_FILE_0}\"\n";
			showEnvVarsInLog = 0;
		};
		1631EF1D3D5540D4C7103663 /* [CP] Copy Pods Resources */ = {
			isa = PBXShellScriptBuildPhase;
			buildActionMask = 2147483647;
			files = (
			);
			inputPaths = (
			);
			name = "[CP] Copy Pods Resources";
			outputPaths = (
			);
			runOnlyForDeploymentPostprocessing = 0;
			shellPath = /bin/sh;
			shellScript = "\"${SRCROOT}/Pods/Target Support Files/Pods-JWMixedList_Tests/Pods-JWMixedList_Tests-resources.sh\"\n";
			showEnvVarsInLog = 0;
		};
		27BAD884FC7A720DC6CC56A3 /* [CP] Copy Pods Resources */ = {
			isa = PBXShellScriptBuildPhase;
			buildActionMask = 2147483647;
			files = (
			);
			inputPaths = (
			);
			name = "[CP] Copy Pods Resources";
			outputPaths = (
			);
			runOnlyForDeploymentPostprocessing = 0;
			shellPath = /bin/sh;
			shellScript = "\"${SRCROOT}/Pods/Target Support Files/Pods-JWMixedList_Example/Pods-JWMixedList_Example-resources.sh\"\n";
			showEnvVarsInLog = 0;
		};
		5F53079E28169A3396CCA3B2 /* [CP] Embed Pods Frameworks */ = {
			isa = PBXShellScriptBuildPhase;
			buildActionMask = 2147483647;
			files = (
			);
			inputPaths = (
			);
			name = "[CP] Embed Pods Frameworks";
			outputPaths = (
			);
			runOnlyForDeploymentPostprocessing = 0;
			shellPath = /bin/sh;
			shellScript = "\"${SRCROOT}/Pods/Target Support Files/Pods-JWMixedList_Tests/Pods-JWMixedList_Tests-frameworks.sh\"\n";
			showEnvVarsInLog = 0;
		};
		94A8BC243A7C8E7AD109E99A /* [CP] Embed Pods Frameworks */ = {
			isa = PBXShellScriptBuildPhase;
			buildActionMask = 2147483647;
			files = (
			);
			inputPaths = (
				"${SRCROOT}/Pods/Target Support Files/Pods-JWMixedList_Example/Pods-JWMixedList_Example-frameworks.sh",
				"${BUILT_PRODUCTS_DIR}/JWMixedList/JWMixedList.framework",
			);
			name = "[CP] Embed Pods Frameworks";
			outputPaths = (
				"${TARGET_BUILD_DIR}/${FRAMEWORKS_FOLDER_PATH}/JWMixedList.framework",
			);
			runOnlyForDeploymentPostprocessing = 0;
			shellPath = /bin/sh;
			shellScript = "\"${SRCROOT}/Pods/Target Support Files/Pods-JWMixedList_Example/Pods-JWMixedList_Example-frameworks.sh\"\n";
			showEnvVarsInLog = 0;
		};
		B855AD3D996AE25186B61A1D /* [CP] Check Pods Manifest.lock */ = {
			isa = PBXShellScriptBuildPhase;
			buildActionMask = 2147483647;
			files = (
			);
			inputPaths = (
				"${PODS_PODFILE_DIR_PATH}/Podfile.lock",
				"${PODS_ROOT}/Manifest.lock",
			);
			name = "[CP] Check Pods Manifest.lock";
			outputPaths = (
				"$(DERIVED_FILE_DIR)/Pods-JWMixedList_Example-checkManifestLockResult.txt",
			);
			runOnlyForDeploymentPostprocessing = 0;
			shellPath = /bin/sh;
			shellScript = "diff \"${PODS_PODFILE_DIR_PATH}/Podfile.lock\" \"${PODS_ROOT}/Manifest.lock\" > /dev/null\nif [ $? != 0 ] ; then\n    # print error to STDERR\n    echo \"error: The sandbox is not in sync with the Podfile.lock. Run 'pod install' or update your CocoaPods installation.\" >&2\n    exit 1\nfi\n# This output is used by Xcode 'outputs' to avoid re-running this script phase.\necho \"SUCCESS\" > \"${SCRIPT_OUTPUT_FILE_0}\"\n";
			showEnvVarsInLog = 0;
		};
/* End PBXShellScriptBuildPhase section */

/* Begin PBXSourcesBuildPhase section */
		607FACCC1AFB9204008FA782 /* Sources */ = {
			isa = PBXSourcesBuildPhase;
			buildActionMask = 2147483647;
			files = (
				607FACD81AFB9204008FA782 /* ViewController.swift in Sources */,
				55477BC120FE9E2A00710672 /* FeedDataTypes.swift in Sources */,
				55477BBF20FE9E0B00710672 /* Text.swift in Sources */,
				55477BBD20FE9DE400710672 /* Image.swift in Sources */,
				55477BCC20FE9F4400710672 /* TextCell.swift in Sources */,
				607FACD61AFB9204008FA782 /* AppDelegate.swift in Sources */,
				55477BD520FEA1CF00710672 /* BasicCoordinator.swift in Sources */,
				55477BCF20FE9FE900710672 /* AdvertCellItemController.swift in Sources */,
				55477BD120FEA0C100710672 /* ImageCellItemController.swift in Sources */,
				55477BD720FEA20B00710672 /* CellItemControllerFactory.swift in Sources */,
				55477BC820FE9E9F00710672 /* ImageCell.swift in Sources */,
				55477BC420FE9E6400710672 /* AdvertCell.swift in Sources */,
				55477BD920FEA47900710672 /* EmptyViewController.swift in Sources */,
				55477BBB20FE9DCD00710672 /* Advert.swift in Sources */,
				55477BD320FEA13500710672 /* TextCellItemController.swift in Sources */,
			);
			runOnlyForDeploymentPostprocessing = 0;
		};
		607FACE11AFB9204008FA782 /* Sources */ = {
			isa = PBXSourcesBuildPhase;
			buildActionMask = 2147483647;
			files = (
				607FACEC1AFB9204008FA782 /* Tests.swift in Sources */,
			);
			runOnlyForDeploymentPostprocessing = 0;
		};
/* End PBXSourcesBuildPhase section */

/* Begin PBXTargetDependency section */
		607FACE71AFB9204008FA782 /* PBXTargetDependency */ = {
			isa = PBXTargetDependency;
			target = 607FACCF1AFB9204008FA782 /* JWMixedList_Example */;
			targetProxy = 607FACE61AFB9204008FA782 /* PBXContainerItemProxy */;
		};
/* End PBXTargetDependency section */

/* Begin PBXVariantGroup section */
		607FACD91AFB9204008FA782 /* Main.storyboard */ = {
			isa = PBXVariantGroup;
			children = (
				607FACDA1AFB9204008FA782 /* Base */,
			);
			name = Main.storyboard;
			sourceTree = "<group>";
		};
		607FACDE1AFB9204008FA782 /* LaunchScreen.xib */ = {
			isa = PBXVariantGroup;
			children = (
				607FACDF1AFB9204008FA782 /* Base */,
			);
			name = LaunchScreen.xib;
			sourceTree = "<group>";
		};
/* End PBXVariantGroup section */

/* Begin XCBuildConfiguration section */
		607FACED1AFB9204008FA782 /* Debug */ = {
			isa = XCBuildConfiguration;
			buildSettings = {
				ALWAYS_SEARCH_USER_PATHS = NO;
				CLANG_CXX_LANGUAGE_STANDARD = "gnu++0x";
				CLANG_CXX_LIBRARY = "libc++";
				CLANG_ENABLE_MODULES = YES;
				CLANG_ENABLE_OBJC_ARC = YES;
				CLANG_WARN_BLOCK_CAPTURE_AUTORELEASING = YES;
				CLANG_WARN_BOOL_CONVERSION = YES;
				CLANG_WARN_COMMA = YES;
				CLANG_WARN_CONSTANT_CONVERSION = YES;
				CLANG_WARN_DIRECT_OBJC_ISA_USAGE = YES_ERROR;
				CLANG_WARN_EMPTY_BODY = YES;
				CLANG_WARN_ENUM_CONVERSION = YES;
				CLANG_WARN_INFINITE_RECURSION = YES;
				CLANG_WARN_INT_CONVERSION = YES;
				CLANG_WARN_NON_LITERAL_NULL_CONVERSION = YES;
				CLANG_WARN_OBJC_LITERAL_CONVERSION = YES;
				CLANG_WARN_OBJC_ROOT_CLASS = YES_ERROR;
				CLANG_WARN_RANGE_LOOP_ANALYSIS = YES;
				CLANG_WARN_STRICT_PROTOTYPES = YES;
				CLANG_WARN_SUSPICIOUS_MOVE = YES;
				CLANG_WARN_UNREACHABLE_CODE = YES;
				CLANG_WARN__DUPLICATE_METHOD_MATCH = YES;
				"CODE_SIGN_IDENTITY[sdk=iphoneos*]" = "iPhone Developer";
				COPY_PHASE_STRIP = NO;
				DEBUG_INFORMATION_FORMAT = "dwarf-with-dsym";
				ENABLE_STRICT_OBJC_MSGSEND = YES;
				ENABLE_TESTABILITY = YES;
				GCC_C_LANGUAGE_STANDARD = gnu99;
				GCC_DYNAMIC_NO_PIC = NO;
				GCC_NO_COMMON_BLOCKS = YES;
				GCC_OPTIMIZATION_LEVEL = 0;
				GCC_PREPROCESSOR_DEFINITIONS = (
					"DEBUG=1",
					"$(inherited)",
				);
				GCC_SYMBOLS_PRIVATE_EXTERN = NO;
				GCC_WARN_64_TO_32_BIT_CONVERSION = YES;
				GCC_WARN_ABOUT_RETURN_TYPE = YES_ERROR;
				GCC_WARN_UNDECLARED_SELECTOR = YES;
				GCC_WARN_UNINITIALIZED_AUTOS = YES_AGGRESSIVE;
				GCC_WARN_UNUSED_FUNCTION = YES;
				GCC_WARN_UNUSED_VARIABLE = YES;
				IPHONEOS_DEPLOYMENT_TARGET = 9.3;
				MTL_ENABLE_DEBUG_INFO = YES;
				ONLY_ACTIVE_ARCH = YES;
				SDKROOT = iphoneos;
				SWIFT_OPTIMIZATION_LEVEL = "-Onone";
			};
			name = Debug;
		};
		607FACEE1AFB9204008FA782 /* Release */ = {
			isa = XCBuildConfiguration;
			buildSettings = {
				ALWAYS_SEARCH_USER_PATHS = NO;
				CLANG_CXX_LANGUAGE_STANDARD = "gnu++0x";
				CLANG_CXX_LIBRARY = "libc++";
				CLANG_ENABLE_MODULES = YES;
				CLANG_ENABLE_OBJC_ARC = YES;
				CLANG_WARN_BLOCK_CAPTURE_AUTORELEASING = YES;
				CLANG_WARN_BOOL_CONVERSION = YES;
				CLANG_WARN_COMMA = YES;
				CLANG_WARN_CONSTANT_CONVERSION = YES;
				CLANG_WARN_DIRECT_OBJC_ISA_USAGE = YES_ERROR;
				CLANG_WARN_EMPTY_BODY = YES;
				CLANG_WARN_ENUM_CONVERSION = YES;
				CLANG_WARN_INFINITE_RECURSION = YES;
				CLANG_WARN_INT_CONVERSION = YES;
				CLANG_WARN_NON_LITERAL_NULL_CONVERSION = YES;
				CLANG_WARN_OBJC_LITERAL_CONVERSION = YES;
				CLANG_WARN_OBJC_ROOT_CLASS = YES_ERROR;
				CLANG_WARN_RANGE_LOOP_ANALYSIS = YES;
				CLANG_WARN_STRICT_PROTOTYPES = YES;
				CLANG_WARN_SUSPICIOUS_MOVE = YES;
				CLANG_WARN_UNREACHABLE_CODE = YES;
				CLANG_WARN__DUPLICATE_METHOD_MATCH = YES;
				"CODE_SIGN_IDENTITY[sdk=iphoneos*]" = "iPhone Developer";
				COPY_PHASE_STRIP = NO;
				DEBUG_INFORMATION_FORMAT = "dwarf-with-dsym";
				ENABLE_NS_ASSERTIONS = NO;
				ENABLE_STRICT_OBJC_MSGSEND = YES;
				GCC_C_LANGUAGE_STANDARD = gnu99;
				GCC_NO_COMMON_BLOCKS = YES;
				GCC_WARN_64_TO_32_BIT_CONVERSION = YES;
				GCC_WARN_ABOUT_RETURN_TYPE = YES_ERROR;
				GCC_WARN_UNDECLARED_SELECTOR = YES;
				GCC_WARN_UNINITIALIZED_AUTOS = YES_AGGRESSIVE;
				GCC_WARN_UNUSED_FUNCTION = YES;
				GCC_WARN_UNUSED_VARIABLE = YES;
				IPHONEOS_DEPLOYMENT_TARGET = 9.3;
				MTL_ENABLE_DEBUG_INFO = NO;
				SDKROOT = iphoneos;
				SWIFT_OPTIMIZATION_LEVEL = "-Owholemodule";
				VALIDATE_PRODUCT = YES;
			};
			name = Release;
		};
		607FACF01AFB9204008FA782 /* Debug */ = {
			isa = XCBuildConfiguration;
			baseConfigurationReference = 09B750438677737D4BD9434C /* Pods-JWMixedList_Example.debug.xcconfig */;
			buildSettings = {
				ASSETCATALOG_COMPILER_APPICON_NAME = AppIcon;
				INFOPLIST_FILE = JWMixedList/Info.plist;
				LD_RUNPATH_SEARCH_PATHS = "$(inherited) @executable_path/Frameworks";
				MODULE_NAME = ExampleApp;
				PRODUCT_BUNDLE_IDENTIFIER = "org.cocoapods.demo.$(PRODUCT_NAME:rfc1034identifier)";
				PRODUCT_NAME = "$(TARGET_NAME)";
				SWIFT_SWIFT3_OBJC_INFERENCE = Default;
				SWIFT_VERSION = 4.0;
			};
			name = Debug;
		};
		607FACF11AFB9204008FA782 /* Release */ = {
			isa = XCBuildConfiguration;
			baseConfigurationReference = 0C9856F0ADF261C2B6D14653 /* Pods-JWMixedList_Example.release.xcconfig */;
			buildSettings = {
				ASSETCATALOG_COMPILER_APPICON_NAME = AppIcon;
				INFOPLIST_FILE = JWMixedList/Info.plist;
				LD_RUNPATH_SEARCH_PATHS = "$(inherited) @executable_path/Frameworks";
				MODULE_NAME = ExampleApp;
				PRODUCT_BUNDLE_IDENTIFIER = "org.cocoapods.demo.$(PRODUCT_NAME:rfc1034identifier)";
				PRODUCT_NAME = "$(TARGET_NAME)";
				SWIFT_SWIFT3_OBJC_INFERENCE = Default;
				SWIFT_VERSION = 4.0;
			};
			name = Release;
		};
		607FACF31AFB9204008FA782 /* Debug */ = {
			isa = XCBuildConfiguration;
			baseConfigurationReference = DBDEA58407B6E4D573A4670B /* Pods-JWMixedList_Tests.debug.xcconfig */;
			buildSettings = {
				FRAMEWORK_SEARCH_PATHS = (
					"$(SDKROOT)/Developer/Library/Frameworks",
					"$(inherited)",
				);
				GCC_PREPROCESSOR_DEFINITIONS = (
					"DEBUG=1",
					"$(inherited)",
				);
				INFOPLIST_FILE = Tests/Info.plist;
				LD_RUNPATH_SEARCH_PATHS = "$(inherited) @executable_path/Frameworks @loader_path/Frameworks";
				PRODUCT_BUNDLE_IDENTIFIER = "org.cocoapods.$(PRODUCT_NAME:rfc1034identifier)";
				PRODUCT_NAME = "$(TARGET_NAME)";
				SWIFT_SWIFT3_OBJC_INFERENCE = Default;
				SWIFT_VERSION = 4.0;
				TEST_HOST = "$(BUILT_PRODUCTS_DIR)/JWMixedList_Example.app/JWMixedList_Example";
			};
			name = Debug;
		};
		607FACF41AFB9204008FA782 /* Release */ = {
			isa = XCBuildConfiguration;
			baseConfigurationReference = F8252882F7CB2C752A41031A /* Pods-JWMixedList_Tests.release.xcconfig */;
			buildSettings = {
				FRAMEWORK_SEARCH_PATHS = (
					"$(SDKROOT)/Developer/Library/Frameworks",
					"$(inherited)",
				);
				INFOPLIST_FILE = Tests/Info.plist;
				LD_RUNPATH_SEARCH_PATHS = "$(inherited) @executable_path/Frameworks @loader_path/Frameworks";
				PRODUCT_BUNDLE_IDENTIFIER = "org.cocoapods.$(PRODUCT_NAME:rfc1034identifier)";
				PRODUCT_NAME = "$(TARGET_NAME)";
				SWIFT_SWIFT3_OBJC_INFERENCE = Default;
				SWIFT_VERSION = 4.0;
				TEST_HOST = "$(BUILT_PRODUCTS_DIR)/JWMixedList_Example.app/JWMixedList_Example";
			};
			name = Release;
		};
/* End XCBuildConfiguration section */

/* Begin XCConfigurationList section */
		607FACCB1AFB9204008FA782 /* Build configuration list for PBXProject "JWMixedList" */ = {
			isa = XCConfigurationList;
			buildConfigurations = (
				607FACED1AFB9204008FA782 /* Debug */,
				607FACEE1AFB9204008FA782 /* Release */,
			);
			defaultConfigurationIsVisible = 0;
			defaultConfigurationName = Release;
		};
		607FACEF1AFB9204008FA782 /* Build configuration list for PBXNativeTarget "JWMixedList_Example" */ = {
			isa = XCConfigurationList;
			buildConfigurations = (
				607FACF01AFB9204008FA782 /* Debug */,
				607FACF11AFB9204008FA782 /* Release */,
			);
			defaultConfigurationIsVisible = 0;
			defaultConfigurationName = Release;
		};
		607FACF21AFB9204008FA782 /* Build configuration list for PBXNativeTarget "JWMixedList_Tests" */ = {
			isa = XCConfigurationList;
			buildConfigurations = (
				607FACF31AFB9204008FA782 /* Debug */,
				607FACF41AFB9204008FA782 /* Release */,
			);
			defaultConfigurationIsVisible = 0;
			defaultConfigurationName = Release;
		};
/* End XCConfigurationList section */
	};
	rootObject = 607FACC81AFB9204008FA782 /* Project object */;
}
